
Microsoft Visual Studio Solution File, Format Version 12.00
# Visual Studio Version 17
VisualStudioVersion = 17.10.35122.118
MinimumVisualStudioVersion = 10.0.40219.1
Project("{FAE04EC0-301F-11D3-BF4B-00C04F79EFBC}") = "ModeloMenu", "ModeloMenu\ModeloMenu.csproj", "{093DE35A-5F9D-487C-9D4F-3ECC08AE53ED}"
EndProject
Global
	GlobalSection(SolutionConfigurationPlatforms) = preSolution
		Debug|Any CPU = Debug|Any CPU
		Release|Any CPU = Release|Any CPU
	EndGlobalSection
	GlobalSection(ProjectConfigurationPlatforms) = postSolution
		{093DE35A-5F9D-487C-9D4F-3ECC08AE53ED}.Debug|Any CPU.ActiveCfg = Debug|Any CPU
		{093DE35A-5F9D-487C-9D4F-3ECC08AE53ED}.Debug|Any CPU.Build.0 = Debug|Any CPU
		{093DE35A-5F9D-487C-9D4F-3ECC08AE53ED}.Release|Any CPU.ActiveCfg = Release|Any CPU
		{093DE35A-5F9D-487C-9D4F-3ECC08AE53ED}.Release|Any CPU.Build.0 = Release|Any CPU
	EndGlobalSection
	GlobalSection(SolutionProperties) = preSolution
		HideSolutionNode = FALSE
	EndGlobalSection
	GlobalSection(ExtensibilityGlobals) = postSolution
		SolutionGuid = {189CA9C8-CB7C-4606-BA40-76D90DDD4FD2}
	EndGlobalSection
EndGlobal
